
Microsoft Visual Studio Solution File, Format Version 12.00
Project("{FAE04EC0-301F-11D3-BF4B-00C04F79EFBC}") = "Casino", "Casino.csproj", "{FAB127EF-CEDF-40FF-B7C0-797D1DB56D88}"
EndProject
Global
	GlobalSection(SolutionConfigurationPlatforms) = preSolution
		Debug|Any CPU = Debug|Any CPU
		Release|Any CPU = Release|Any CPU
	EndGlobalSection
	GlobalSection(ProjectConfigurationPlatforms) = postSolution
		{FAB127EF-CEDF-40FF-B7C0-797D1DB56D88}.Debug|Any CPU.ActiveCfg = Debug|Any CPU
		{FAB127EF-CEDF-40FF-B7C0-797D1DB56D88}.Debug|Any CPU.Build.0 = Debug|Any CPU
		{FAB127EF-CEDF-40FF-B7C0-797D1DB56D88}.Release|Any CPU.ActiveCfg = Release|Any CPU
		{FAB127EF-CEDF-40FF-B7C0-797D1DB56D88}.Release|Any CPU.Build.0 = Release|Any CPU
	EndGlobalSection
EndGlobal
