
Microsoft Visual Studio Solution File, Format Version 12.00
Project("{FAE04EC0-301F-11D3-BF4B-00C04F79EFBC}") = "Gladiators", "Gladiators.csproj", "{E2CD6B4D-E9BF-4607-8964-47C7CFBA2A6A}"
EndProject
Global
	GlobalSection(SolutionConfigurationPlatforms) = preSolution
		Debug|Any CPU = Debug|Any CPU
		Release|Any CPU = Release|Any CPU
	EndGlobalSection
	GlobalSection(ProjectConfigurationPlatforms) = postSolution
		{E2CD6B4D-E9BF-4607-8964-47C7CFBA2A6A}.Debug|Any CPU.ActiveCfg = Debug|Any CPU
		{E2CD6B4D-E9BF-4607-8964-47C7CFBA2A6A}.Debug|Any CPU.Build.0 = Debug|Any CPU
		{E2CD6B4D-E9BF-4607-8964-47C7CFBA2A6A}.Release|Any CPU.ActiveCfg = Release|Any CPU
		{E2CD6B4D-E9BF-4607-8964-47C7CFBA2A6A}.Release|Any CPU.Build.0 = Release|Any CPU
	EndGlobalSection
EndGlobal
